// !$*UTF8*$!
{
	archiveVersion = 1;
	classes = {
	};
	objectVersion = 55;
	objects = {

/* Begin PBXBuildFile section */
		2FDB5C7B287E33410067DBD3 /* AppDelegate.swift in Sources */ = {isa = PBXBuildFile; fileRef = 2FDB5C7A287E33410067DBD3 /* AppDelegate.swift */; };
		2FDB5C7D287E33410067DBD3 /* SceneDelegate.swift in Sources */ = {isa = PBXBuildFile; fileRef = 2FDB5C7C287E33410067DBD3 /* SceneDelegate.swift */; };
		2FDB5C82287E33410067DBD3 /* Main.storyboard in Resources */ = {isa = PBXBuildFile; fileRef = 2FDB5C80287E33410067DBD3 /* Main.storyboard */; };
		2FDB5C84287E33420067DBD3 /* Assets.xcassets in Resources */ = {isa = PBXBuildFile; fileRef = 2FDB5C83287E33420067DBD3 /* Assets.xcassets */; };
		2FDB5C87287E33420067DBD3 /* LaunchScreen.storyboard in Resources */ = {isa = PBXBuildFile; fileRef = 2FDB5C85287E33420067DBD3 /* LaunchScreen.storyboard */; };
		2FDB5C95287E34940067DBD3 /* ConversationsViewController.swift in Sources */ = {isa = PBXBuildFile; fileRef = 2FDB5C94287E34940067DBD3 /* ConversationsViewController.swift */; };
		2FDB5C97287E35C30067DBD3 /* LoginViewController.swift in Sources */ = {isa = PBXBuildFile; fileRef = 2FDB5C96287E35C30067DBD3 /* LoginViewController.swift */; };
		2FDB5C99287E35D70067DBD3 /* RegisterViewController.swift in Sources */ = {isa = PBXBuildFile; fileRef = 2FDB5C98287E35D70067DBD3 /* RegisterViewController.swift */; };
		2FDB5C9B287E35F00067DBD3 /* PhotoViewerViewController.swift in Sources */ = {isa = PBXBuildFile; fileRef = 2FDB5C9A287E35F00067DBD3 /* PhotoViewerViewController.swift */; };
		2FDB5C9D287E35FE0067DBD3 /* VideoPlayerViewController.swift in Sources */ = {isa = PBXBuildFile; fileRef = 2FDB5C9C287E35FE0067DBD3 /* VideoPlayerViewController.swift */; };
		2FDB5C9F287E36170067DBD3 /* NewConversationViewController.swift in Sources */ = {isa = PBXBuildFile; fileRef = 2FDB5C9E287E36170067DBD3 /* NewConversationViewController.swift */; };
		2FDB5CA1287E36220067DBD3 /* ProfileViewController.swift in Sources */ = {isa = PBXBuildFile; fileRef = 2FDB5CA0287E36220067DBD3 /* ProfileViewController.swift */; };
/* End PBXBuildFile section */

/* Begin PBXFileReference section */
		2FDB5C77287E33410067DBD3 /* Messenger1.app */ = {isa = PBXFileReference; explicitFileType = wrapper.application; includeInIndex = 0; path = Messenger1.app; sourceTree = BUILT_PRODUCTS_DIR; };
		2FDB5C7A287E33410067DBD3 /* AppDelegate.swift */ = {isa = PBXFileReference; lastKnownFileType = sourcecode.swift; path = AppDelegate.swift; sourceTree = "<group>"; };
		2FDB5C7C287E33410067DBD3 /* SceneDelegate.swift */ = {isa = PBXFileReference; lastKnownFileType = sourcecode.swift; path = SceneDelegate.swift; sourceTree = "<group>"; };
		2FDB5C81287E33410067DBD3 /* Base */ = {isa = PBXFileReference; lastKnownFileType = file.storyboard; name = Base; path = Base.lproj/Main.storyboard; sourceTree = "<group>"; };
		2FDB5C83287E33420067DBD3 /* Assets.xcassets */ = {isa = PBXFileReference; lastKnownFileType = folder.assetcatalog; path = Assets.xcassets; sourceTree = "<group>"; };
		2FDB5C86287E33420067DBD3 /* Base */ = {isa = PBXFileReference; lastKnownFileType = file.storyboard; name = Base; path = Base.lproj/LaunchScreen.storyboard; sourceTree = "<group>"; };
		2FDB5C88287E33420067DBD3 /* Info.plist */ = {isa = PBXFileReference; lastKnownFileType = text.plist.xml; path = Info.plist; sourceTree = "<group>"; };
		2FDB5C94287E34940067DBD3 /* ConversationsViewController.swift */ = {isa = PBXFileReference; fileEncoding = 4; lastKnownFileType = sourcecode.swift; path = ConversationsViewController.swift; sourceTree = "<group>"; };
		2FDB5C96287E35C30067DBD3 /* LoginViewController.swift */ = {isa = PBXFileReference; lastKnownFileType = sourcecode.swift; path = LoginViewController.swift; sourceTree = "<group>"; };
		2FDB5C98287E35D70067DBD3 /* RegisterViewController.swift */ = {isa = PBXFileReference; lastKnownFileType = sourcecode.swift; path = RegisterViewController.swift; sourceTree = "<group>"; };
		2FDB5C9A287E35F00067DBD3 /* PhotoViewerViewController.swift */ = {isa = PBXFileReference; lastKnownFileType = sourcecode.swift; path = PhotoViewerViewController.swift; sourceTree = "<group>"; };
		2FDB5C9C287E35FE0067DBD3 /* VideoPlayerViewController.swift */ = {isa = PBXFileReference; lastKnownFileType = sourcecode.swift; path = VideoPlayerViewController.swift; sourceTree = "<group>"; };
		2FDB5C9E287E36170067DBD3 /* NewConversationViewController.swift */ = {isa = PBXFileReference; lastKnownFileType = sourcecode.swift; path = NewConversationViewController.swift; sourceTree = "<group>"; };
		2FDB5CA0287E36220067DBD3 /* ProfileViewController.swift */ = {isa = PBXFileReference; lastKnownFileType = sourcecode.swift; path = ProfileViewController.swift; sourceTree = "<group>"; };
/* End PBXFileReference section */

/* Begin PBXFrameworksBuildPhase section */
		2FDB5C74287E33410067DBD3 /* Frameworks */ = {
			isa = PBXFrameworksBuildPhase;
			buildActionMask = 2147483647;
			files = (
			);
			runOnlyForDeploymentPostprocessing = 0;
		};
/* End PBXFrameworksBuildPhase section */

/* Begin PBXGroup section */
		2FDB5C6E287E33410067DBD3 = {
			isa = PBXGroup;
			children = (
				2FDB5C79287E33410067DBD3 /* Messenger1 */,
				2FDB5C78287E33410067DBD3 /* Products */,
			);
			sourceTree = "<group>";
		};
		2FDB5C78287E33410067DBD3 /* Products */ = {
			isa = PBXGroup;
			children = (
				2FDB5C77287E33410067DBD3 /* Messenger1.app */,
			);
			name = Products;
			sourceTree = "<group>";
		};
		2FDB5C79287E33410067DBD3 /* Messenger1 */ = {
			isa = PBXGroup;
			children = (
				2FDB5C92287E33D90067DBD3 /* resources */,
				2FDB5C91287E33D00067DBD3 /* viewmodels */,
				2FDB5C90287E33C80067DBD3 /* models */,
				2FDB5C8F287E33C10067DBD3 /* views */,
				2FDB5C8E287E33BA0067DBD3 /* controllers */,
				2FDB5C88287E33420067DBD3 /* Info.plist */,
			);
			path = Messenger1;
			sourceTree = "<group>";
		};
		2FDB5C8E287E33BA0067DBD3 /* controllers */ = {
			isa = PBXGroup;
			children = (
				2FDB5C94287E34940067DBD3 /* ConversationsViewController.swift */,
				2FDB5C96287E35C30067DBD3 /* LoginViewController.swift */,
				2FDB5C98287E35D70067DBD3 /* RegisterViewController.swift */,
				2FDB5C9A287E35F00067DBD3 /* PhotoViewerViewController.swift */,
				2FDB5C9C287E35FE0067DBD3 /* VideoPlayerViewController.swift */,
				2FDB5C9E287E36170067DBD3 /* NewConversationViewController.swift */,
				2FDB5CA0287E36220067DBD3 /* ProfileViewController.swift */,
			);
			path = controllers;
			sourceTree = "<group>";
		};
		2FDB5C8F287E33C10067DBD3 /* views */ = {
			isa = PBXGroup;
			children = (
				2FDB5C93287E341E0067DBD3 /* storyboards */,
				2FDB5C83287E33420067DBD3 /* Assets.xcassets */,
			);
			path = views;
			sourceTree = "<group>";
		};
		2FDB5C90287E33C80067DBD3 /* models */ = {
			isa = PBXGroup;
			children = (
			);
			path = models;
			sourceTree = "<group>";
		};
		2FDB5C91287E33D00067DBD3 /* viewmodels */ = {
			isa = PBXGroup;
			children = (
			);
			path = viewmodels;
			sourceTree = "<group>";
		};
		2FDB5C92287E33D90067DBD3 /* resources */ = {
			isa = PBXGroup;
			children = (
				2FDB5C7C287E33410067DBD3 /* SceneDelegate.swift */,
				2FDB5C7A287E33410067DBD3 /* AppDelegate.swift */,
			);
			path = resources;
			sourceTree = "<group>";
		};
		2FDB5C93287E341E0067DBD3 /* storyboards */ = {
			isa = PBXGroup;
			children = (
				2FDB5C80287E33410067DBD3 /* Main.storyboard */,
				2FDB5C85287E33420067DBD3 /* LaunchScreen.storyboard */,
			);
			path = storyboards;
			sourceTree = "<group>";
		};
/* End PBXGroup section */

/* Begin PBXNativeTarget section */
		2FDB5C76287E33410067DBD3 /* Messenger1 */ = {
			isa = PBXNativeTarget;
			buildConfigurationList = 2FDB5C8B287E33420067DBD3 /* Build configuration list for PBXNativeTarget "Messenger1" */;
			buildPhases = (
				2FDB5C73287E33410067DBD3 /* Sources */,
				2FDB5C74287E33410067DBD3 /* Frameworks */,
				2FDB5C75287E33410067DBD3 /* Resources */,
			);
			buildRules = (
			);
			dependencies = (
			);
			name = Messenger1;
			productName = Messenger1;
			productReference = 2FDB5C77287E33410067DBD3 /* Messenger1.app */;
			productType = "com.apple.product-type.application";
		};
/* End PBXNativeTarget section */

/* Begin PBXProject section */
		2FDB5C6F287E33410067DBD3 /* Project object */ = {
			isa = PBXProject;
			attributes = {
				BuildIndependentTargetsInParallel = 1;
				LastSwiftUpdateCheck = 1340;
				LastUpgradeCheck = 1340;
				TargetAttributes = {
					2FDB5C76287E33410067DBD3 = {
						CreatedOnToolsVersion = 13.4.1;
					};
				};
			};
			buildConfigurationList = 2FDB5C72287E33410067DBD3 /* Build configuration list for PBXProject "Messenger1" */;
			compatibilityVersion = "Xcode 13.0";
			developmentRegion = en;
			hasScannedForEncodings = 0;
			knownRegions = (
				en,
				Base,
			);
			mainGroup = 2FDB5C6E287E33410067DBD3;
			productRefGroup = 2FDB5C78287E33410067DBD3 /* Products */;
			projectDirPath = "";
			projectRoot = "";
			targets = (
				2FDB5C76287E33410067DBD3 /* Messenger1 */,
			);
		};
/* End PBXProject section */

/* Begin PBXResourcesBuildPhase section */
		2FDB5C75287E33410067DBD3 /* Resources */ = {
			isa = PBXResourcesBuildPhase;
			buildActionMask = 2147483647;
			files = (
				2FDB5C87287E33420067DBD3 /* LaunchScreen.storyboard in Resources */,
				2FDB5C84287E33420067DBD3 /* Assets.xcassets in Resources */,
				2FDB5C82287E33410067DBD3 /* Main.storyboard in Resources */,
			);
			runOnlyForDeploymentPostprocessing = 0;
		};
/* End PBXResourcesBuildPhase section */

/* Begin PBXSourcesBuildPhase section */
		2FDB5C73287E33410067DBD3 /* Sources */ = {
			isa = PBXSourcesBuildPhase;
			buildActionMask = 2147483647;
			files = (
				2FDB5C97287E35C30067DBD3 /* LoginViewController.swift in Sources */,
				2FDB5C99287E35D70067DBD3 /* RegisterViewController.swift in Sources */,
				2FDB5C9F287E36170067DBD3 /* NewConversationViewController.swift in Sources */,
				2FDB5C7B287E33410067DBD3 /* AppDelegate.swift in Sources */,
				2FDB5C9D287E35FE0067DBD3 /* VideoPlayerViewController.swift in Sources */,
				2FDB5C7D287E33410067DBD3 /* SceneDelegate.swift in Sources */,
				2FDB5CA1287E36220067DBD3 /* ProfileViewController.swift in Sources */,
				2FDB5C95287E34940067DBD3 /* ConversationsViewController.swift in Sources */,
				2FDB5C9B287E35F00067DBD3 /* PhotoViewerViewController.swift in Sources */,
			);
			runOnlyForDeploymentPostprocessing = 0;
		};
/* End PBXSourcesBuildPhase section */

/* Begin PBXVariantGroup section */
		2FDB5C80287E33410067DBD3 /* Main.storyboard */ = {
			isa = PBXVariantGroup;
			children = (
				2FDB5C81287E33410067DBD3 /* Base */,
			);
			name = Main.storyboard;
			sourceTree = "<group>";
		};
		2FDB5C85287E33420067DBD3 /* LaunchScreen.storyboard */ = {
			isa = PBXVariantGroup;
			children = (
				2FDB5C86287E33420067DBD3 /* Base */,
			);
			name = LaunchScreen.storyboard;
			sourceTree = "<group>";
		};
/* End PBXVariantGroup section */

/* Begin XCBuildConfiguration section */
		2FDB5C89287E33420067DBD3 /* Debug */ = {
			isa = XCBuildConfiguration;
			buildSettings = {
				ALWAYS_SEARCH_USER_PATHS = NO;
				CLANG_ANALYZER_NONNULL = YES;
				CLANG_ANALYZER_NUMBER_OBJECT_CONVERSION = YES_AGGRESSIVE;
				CLANG_CXX_LANGUAGE_STANDARD = "gnu++17";
				CLANG_ENABLE_MODULES = YES;
				CLANG_ENABLE_OBJC_ARC = YES;
				CLANG_ENABLE_OBJC_WEAK = YES;
				CLANG_WARN_BLOCK_CAPTURE_AUTORELEASING = YES;
				CLANG_WARN_BOOL_CONVERSION = YES;
				CLANG_WARN_COMMA = YES;
				CLANG_WARN_CONSTANT_CONVERSION = YES;
				CLANG_WARN_DEPRECATED_OBJC_IMPLEMENTATIONS = YES;
				CLANG_WARN_DIRECT_OBJC_ISA_USAGE = YES_ERROR;
				CLANG_WARN_DOCUMENTATION_COMMENTS = YES;
				CLANG_WARN_EMPTY_BODY = YES;
				CLANG_WARN_ENUM_CONVERSION = YES;
				CLANG_WARN_INFINITE_RECURSION = YES;
				CLANG_WARN_INT_CONVERSION = YES;
				CLANG_WARN_NON_LITERAL_NULL_CONVERSION = YES;
				CLANG_WARN_OBJC_IMPLICIT_RETAIN_SELF = YES;
				CLANG_WARN_OBJC_LITERAL_CONVERSION = YES;
				CLANG_WARN_OBJC_ROOT_CLASS = YES_ERROR;
				CLANG_WARN_QUOTED_INCLUDE_IN_FRAMEWORK_HEADER = YES;
				CLANG_WARN_RANGE_LOOP_ANALYSIS = YES;
				CLANG_WARN_STRICT_PROTOTYPES = YES;
				CLANG_WARN_SUSPICIOUS_MOVE = YES;
				CLANG_WARN_UNGUARDED_AVAILABILITY = YES_AGGRESSIVE;
				CLANG_WARN_UNREACHABLE_CODE = YES;
				CLANG_WARN__DUPLICATE_METHOD_MATCH = YES;
				COPY_PHASE_STRIP = NO;
				DEBUG_INFORMATION_FORMAT = dwarf;
				ENABLE_STRICT_OBJC_MSGSEND = YES;
				ENABLE_TESTABILITY = YES;
				GCC_C_LANGUAGE_STANDARD = gnu11;
				GCC_DYNAMIC_NO_PIC = NO;
				GCC_NO_COMMON_BLOCKS = YES;
				GCC_OPTIMIZATION_LEVEL = 0;
				GCC_PREPROCESSOR_DEFINITIONS = (
					"DEBUG=1",
					"$(inherited)",
				);
				GCC_WARN_64_TO_32_BIT_CONVERSION = YES;
				GCC_WARN_ABOUT_RETURN_TYPE = YES_ERROR;
				GCC_WARN_UNDECLARED_SELECTOR = YES;
				GCC_WARN_UNINITIALIZED_AUTOS = YES_AGGRESSIVE;
				GCC_WARN_UNUSED_FUNCTION = YES;
				GCC_WARN_UNUSED_VARIABLE = YES;
				IPHONEOS_DEPLOYMENT_TARGET = 15.5;
				MTL_ENABLE_DEBUG_INFO = INCLUDE_SOURCE;
				MTL_FAST_MATH = YES;
				ONLY_ACTIVE_ARCH = YES;
				SDKROOT = iphoneos;
				SWIFT_ACTIVE_COMPILATION_CONDITIONS = DEBUG;
				SWIFT_OPTIMIZATION_LEVEL = "-Onone";
			};
			name = Debug;
		};
		2FDB5C8A287E33420067DBD3 /* Release */ = {
			isa = XCBuildConfiguration;
			buildSettings = {
				ALWAYS_SEARCH_USER_PATHS = NO;
				CLANG_ANALYZER_NONNULL = YES;
				CLANG_ANALYZER_NUMBER_OBJECT_CONVERSION = YES_AGGRESSIVE;
				CLANG_CXX_LANGUAGE_STANDARD = "gnu++17";
				CLANG_ENABLE_MODULES = YES;
				CLANG_ENABLE_OBJC_ARC = YES;
				CLANG_ENABLE_OBJC_WEAK = YES;
				CLANG_WARN_BLOCK_CAPTURE_AUTORELEASING = YES;
				CLANG_WARN_BOOL_CONVERSION = YES;
				CLANG_WARN_COMMA = YES;
				CLANG_WARN_CONSTANT_CONVERSION = YES;
				CLANG_WARN_DEPRECATED_OBJC_IMPLEMENTATIONS = YES;
				CLANG_WARN_DIRECT_OBJC_ISA_USAGE = YES_ERROR;
				CLANG_WARN_DOCUMENTATION_COMMENTS = YES;
				CLANG_WARN_EMPTY_BODY = YES;
				CLANG_WARN_ENUM_CONVERSION = YES;
				CLANG_WARN_INFINITE_RECURSION = YES;
				CLANG_WARN_INT_CONVERSION = YES;
				CLANG_WARN_NON_LITERAL_NULL_CONVERSION = YES;
				CLANG_WARN_OBJC_IMPLICIT_RETAIN_SELF = YES;
				CLANG_WARN_OBJC_LITERAL_CONVERSION = YES;
				CLANG_WARN_OBJC_ROOT_CLASS = YES_ERROR;
				CLANG_WARN_QUOTED_INCLUDE_IN_FRAMEWORK_HEADER = YES;
				CLANG_WARN_RANGE_LOOP_ANALYSIS = YES;
				CLANG_WARN_STRICT_PROTOTYPES = YES;
				CLANG_WARN_SUSPICIOUS_MOVE = YES;
				CLANG_WARN_UNGUARDED_AVAILABILITY = YES_AGGRESSIVE;
				CLANG_WARN_UNREACHABLE_CODE = YES;
				CLANG_WARN__DUPLICATE_METHOD_MATCH = YES;
				COPY_PHASE_STRIP = NO;
				DEBUG_INFORMATION_FORMAT = "dwarf-with-dsym";
				ENABLE_NS_ASSERTIONS = NO;
				ENABLE_STRICT_OBJC_MSGSEND = YES;
				GCC_C_LANGUAGE_STANDARD = gnu11;
				GCC_NO_COMMON_BLOCKS = YES;
				GCC_WARN_64_TO_32_BIT_CONVERSION = YES;
				GCC_WARN_ABOUT_RETURN_TYPE = YES_ERROR;
				GCC_WARN_UNDECLARED_SELECTOR = YES;
				GCC_WARN_UNINITIALIZED_AUTOS = YES_AGGRESSIVE;
				GCC_WARN_UNUSED_FUNCTION = YES;
				GCC_WARN_UNUSED_VARIABLE = YES;
				IPHONEOS_DEPLOYMENT_TARGET = 15.5;
				MTL_ENABLE_DEBUG_INFO = NO;
				MTL_FAST_MATH = YES;
				SDKROOT = iphoneos;
				SWIFT_COMPILATION_MODE = wholemodule;
				SWIFT_OPTIMIZATION_LEVEL = "-O";
				VALIDATE_PRODUCT = YES;
			};
			name = Release;
		};
		2FDB5C8C287E33420067DBD3 /* Debug */ = {
			isa = XCBuildConfiguration;
			buildSettings = {
				ASSETCATALOG_COMPILER_APPICON_NAME = AppIcon;
				ASSETCATALOG_COMPILER_GLOBAL_ACCENT_COLOR_NAME = AccentColor;
				CODE_SIGN_STYLE = Automatic;
				CURRENT_PROJECT_VERSION = 1;
				DEVELOPMENT_TEAM = 2BYY8BLKM8;
				GENERATE_INFOPLIST_FILE = YES;
				INFOPLIST_FILE = Messenger1/Info.plist;
				INFOPLIST_KEY_UIApplicationSupportsIndirectInputEvents = YES;
				INFOPLIST_KEY_UILaunchStoryboardName = LaunchScreen;
				INFOPLIST_KEY_UIMainStoryboardFile = Main;
				INFOPLIST_KEY_UISupportedInterfaceOrientations = UIInterfaceOrientationPortrait;
				INFOPLIST_KEY_UISupportedInterfaceOrientations_iPad = "UIInterfaceOrientationPortrait UIInterfaceOrientationPortraitUpsideDown UIInterfaceOrientationLandscapeLeft UIInterfaceOrientationLandscapeRight";
				INFOPLIST_KEY_UISupportedInterfaceOrientations_iPhone = "UIInterfaceOrientationPortrait UIInterfaceOrientationLandscapeLeft UIInterfaceOrientationLandscapeRight";
				IPHONEOS_DEPLOYMENT_TARGET = 13.0;
				LD_RUNPATH_SEARCH_PATHS = (
					"$(inherited)",
					"@executable_path/Frameworks",
				);
				MARKETING_VERSION = 1.0;
				PRODUCT_BUNDLE_IDENTIFIER = com.selenamead.Messenger1;
				PRODUCT_NAME = "$(TARGET_NAME)";
				SWIFT_EMIT_LOC_STRINGS = YES;
				SWIFT_VERSION = 5.0;
				TARGETED_DEVICE_FAMILY = "1,2";
			};
			name = Debug;
		};
		2FDB5C8D287E33420067DBD3 /* Release */ = {
			isa = XCBuildConfiguration;
			buildSettings = {
				ASSETCATALOG_COMPILER_APPICON_NAME = AppIcon;
				ASSETCATALOG_COMPILER_GLOBAL_ACCENT_COLOR_NAME = AccentColor;
				CODE_SIGN_STYLE = Automatic;
				CURRENT_PROJECT_VERSION = 1;
				DEVELOPMENT_TEAM = 2BYY8BLKM8;
				GENERATE_INFOPLIST_FILE = YES;
				INFOPLIST_FILE = Messenger1/Info.plist;
				INFOPLIST_KEY_UIApplicationSupportsIndirectInputEvents = YES;
				INFOPLIST_KEY_UILaunchStoryboardName = LaunchScreen;
				INFOPLIST_KEY_UIMainStoryboardFile = Main;
				INFOPLIST_KEY_UISupportedInterfaceOrientations = UIInterfaceOrientationPortrait;
				INFOPLIST_KEY_UISupportedInterfaceOrientations_iPad = "UIInterfaceOrientationPortrait UIInterfaceOrientationPortraitUpsideDown UIInterfaceOrientationLandscapeLeft UIInterfaceOrientationLandscapeRight";
				INFOPLIST_KEY_UISupportedInterfaceOrientations_iPhone = "UIInterfaceOrientationPortrait UIInterfaceOrientationLandscapeLeft UIInterfaceOrientationLandscapeRight";
				IPHONEOS_DEPLOYMENT_TARGET = 13.0;
				LD_RUNPATH_SEARCH_PATHS = (
					"$(inherited)",
					"@executable_path/Frameworks",
				);
				MARKETING_VERSION = 1.0;
				PRODUCT_BUNDLE_IDENTIFIER = com.selenamead.Messenger1;
				PRODUCT_NAME = "$(TARGET_NAME)";
				SWIFT_EMIT_LOC_STRINGS = YES;
				SWIFT_VERSION = 5.0;
				TARGETED_DEVICE_FAMILY = "1,2";
			};
			name = Release;
		};
/* End XCBuildConfiguration section */

/* Begin XCConfigurationList section */
		2FDB5C72287E33410067DBD3 /* Build configuration list for PBXProject "Messenger1" */ = {
			isa = XCConfigurationList;
			buildConfigurations = (
				2FDB5C89287E33420067DBD3 /* Debug */,
				2FDB5C8A287E33420067DBD3 /* Release */,
			);
			defaultConfigurationIsVisible = 0;
			defaultConfigurationName = Release;
		};
		2FDB5C8B287E33420067DBD3 /* Build configuration list for PBXNativeTarget "Messenger1" */ = {
			isa = XCConfigurationList;
			buildConfigurations = (
				2FDB5C8C287E33420067DBD3 /* Debug */,
				2FDB5C8D287E33420067DBD3 /* Release */,
			);
			defaultConfigurationIsVisible = 0;
			defaultConfigurationName = Release;
		};
/* End XCConfigurationList section */
	};
	rootObject = 2FDB5C6F287E33410067DBD3 /* Project object */;
}
